// !$*UTF8*$!
{
	archiveVersion = 1;
	classes = {
	};
	objectVersion = 77;
	objects = {

/* Begin PBXBuildFile section */
		140986247372687B7AD03773 /* Domain.swift in Sources */ = {isa = PBXBuildFile; fileRef = 265B1054DECD374795DE9830 /* Domain.swift */; };
		2F6E86C987E90954EC3F731F /* WelcomeView.swift in Sources */ = {isa = PBXBuildFile; fileRef = 26EF36985E21BAA78DEFDE38 /* WelcomeView.swift */; };
		3143711D18761AED07EFE36C /* Assets.xcassets in Resources */ = {isa = PBXBuildFile; fileRef = 888AB088AAA3AACC1E643682 /* Assets.xcassets */; };
		3F650677230CA7BE1D6B71C0 /* Entities.swift in Sources */ = {isa = PBXBuildFile; fileRef = ADBD3FE1F82AAB6C55BC3DCF /* Entities.swift */; };
		8B79E81C8C1F896CB504EF47 /* AppTheme.swift in Sources */ = {isa = PBXBuildFile; fileRef = 4FB29B5B7A02A0A60CE48A0C /* AppTheme.swift */; };
		906DD58360694A7D5AE58572 /* WagayanoYakusokuApp.swift in Sources */ = {isa = PBXBuildFile; fileRef = 962B12B76A2292057EB9747C /* WagayanoYakusokuApp.swift */; };
		9C0D0952F3824D913A6C8346 /* AppWeek.swift in Sources */ = {isa = PBXBuildFile; fileRef = 28900D9C05C7EB55A255A8EF /* AppWeek.swift */; };
		AC9363AC32FC2CECD8118A07 /* WeeklyReviewFlowView.swift in Sources */ = {isa = PBXBuildFile; fileRef = 1B9F6A7AF131C3E16D42FA89 /* WeeklyReviewFlowView.swift */; };
		B61C1F5EE79884D47B2E5BBB /* HomeView.swift in Sources */ = {isa = PBXBuildFile; fileRef = E9AA4C6D6764DA57711EB068 /* HomeView.swift */; };
		B6FD831CC45E0B09390000BC /* RootView.swift in Sources */ = {isa = PBXBuildFile; fileRef = 25C9F08687C29F72D1FECC5A /* RootView.swift */; };
		D57A3DEAF88F4156EDC9C3DE /* NotificationService.swift in Sources */ = {isa = PBXBuildFile; fileRef = E42C30675E9C375AC38A90F4 /* NotificationService.swift */; };
		E6C9F7199C2119FCD44787E5 /* AppSession.swift in Sources */ = {isa = PBXBuildFile; fileRef = FAA9DFB87CB6BE1EECACDA89 /* AppSession.swift */; };
		F7429A3D01EDE9EB2D1C880F /* ObservationViews.swift in Sources */ = {isa = PBXBuildFile; fileRef = BEC1559DAD51F76FAE93D2F1 /* ObservationViews.swift */; };
		FAEAF6C55C6FACC8428BE681 /* AgreementViews.swift in Sources */ = {isa = PBXBuildFile; fileRef = F40963B217F589DE82BE7EDB /* AgreementViews.swift */; };
/* End PBXBuildFile section */

/* Begin PBXFileReference section */
		1B9F6A7AF131C3E16D42FA89 /* WeeklyReviewFlowView.swift */ = {isa = PBXFileReference; lastKnownFileType = sourcecode.swift; path = WeeklyReviewFlowView.swift; sourceTree = "<group>"; };
		25C9F08687C29F72D1FECC5A /* RootView.swift */ = {isa = PBXFileReference; lastKnownFileType = sourcecode.swift; path = RootView.swift; sourceTree = "<group>"; };
		265B1054DECD374795DE9830 /* Domain.swift */ = {isa = PBXFileReference; lastKnownFileType = sourcecode.swift; path = Domain.swift; sourceTree = "<group>"; };
		26EF36985E21BAA78DEFDE38 /* WelcomeView.swift */ = {isa = PBXFileReference; lastKnownFileType = sourcecode.swift; path = WelcomeView.swift; sourceTree = "<group>"; };
		28900D9C05C7EB55A255A8EF /* AppWeek.swift */ = {isa = PBXFileReference; lastKnownFileType = sourcecode.swift; path = AppWeek.swift; sourceTree = "<group>"; };
		4FB29B5B7A02A0A60CE48A0C /* AppTheme.swift */ = {isa = PBXFileReference; lastKnownFileType = sourcecode.swift; path = AppTheme.swift; sourceTree = "<group>"; };
		6E94B305B4B68AF273603F4E /* わが家の約束.app */ = {isa = PBXFileReference; explicitFileType = wrapper.application; includeInIndex = 0; path = "わが家の約束.app"; sourceTree = BUILT_PRODUCTS_DIR; };
		888AB088AAA3AACC1E643682 /* Assets.xcassets */ = {isa = PBXFileReference; lastKnownFileType = folder.assetcatalog; path = Assets.xcassets; sourceTree = "<group>"; };
		962B12B76A2292057EB9747C /* WagayanoYakusokuApp.swift */ = {isa = PBXFileReference; lastKnownFileType = sourcecode.swift; path = WagayanoYakusokuApp.swift; sourceTree = "<group>"; };
		ADBD3FE1F82AAB6C55BC3DCF /* Entities.swift */ = {isa = PBXFileReference; lastKnownFileType = sourcecode.swift; path = Entities.swift; sourceTree = "<group>"; };
		BEC1559DAD51F76FAE93D2F1 /* ObservationViews.swift */ = {isa = PBXFileReference; lastKnownFileType = sourcecode.swift; path = ObservationViews.swift; sourceTree = "<group>"; };
		E42C30675E9C375AC38A90F4 /* NotificationService.swift */ = {isa = PBXFileReference; lastKnownFileType = sourcecode.swift; path = NotificationService.swift; sourceTree = "<group>"; };
		E9AA4C6D6764DA57711EB068 /* HomeView.swift */ = {isa = PBXFileReference; lastKnownFileType = sourcecode.swift; path = HomeView.swift; sourceTree = "<group>"; };
		F40963B217F589DE82BE7EDB /* AgreementViews.swift */ = {isa = PBXFileReference; lastKnownFileType = sourcecode.swift; path = AgreementViews.swift; sourceTree = "<group>"; };
		FAA9DFB87CB6BE1EECACDA89 /* AppSession.swift */ = {isa = PBXFileReference; lastKnownFileType = sourcecode.swift; path = AppSession.swift; sourceTree = "<group>"; };
/* End PBXFileReference section */

/* Begin PBXGroup section */
		005F63ED56FA5E830FC25752 /* Home */ = {
			isa = PBXGroup;
			children = (
				E9AA4C6D6764DA57711EB068 /* HomeView.swift */,
			);
			path = Home;
			sourceTree = "<group>";
		};
		23B37850B06CBF3AC6F3F4F1 = {
			isa = PBXGroup;
			children = (
				37AF90AA01466E365B7E202F /* WagayanoYakusoku */,
				F1E69D4E6CEEE90BB7E4FDE1 /* Products */,
			);
			sourceTree = "<group>";
		};
		377CC5F29B1E4A1E2C922860 /* Theme */ = {
			isa = PBXGroup;
			children = (
				4FB29B5B7A02A0A60CE48A0C /* AppTheme.swift */,
			);
			path = Theme;
			sourceTree = "<group>";
		};
		37AF90AA01466E365B7E202F /* WagayanoYakusoku */ = {
			isa = PBXGroup;
			children = (
				888AB088AAA3AACC1E643682 /* Assets.xcassets */,
				962B12B76A2292057EB9747C /* WagayanoYakusokuApp.swift */,
				B6AC3A08AEFF0AAF40CD492C /* Models */,
				97D9DACD1FE4CE25D00E96B1 /* Services */,
				377CC5F29B1E4A1E2C922860 /* Theme */,
				77911911A6DF048E6B06A001 /* Views */,
			);
			path = WagayanoYakusoku;
			sourceTree = "<group>";
		};
		4046BC087AC2C7A46492B226 /* WeeklyReview */ = {
			isa = PBXGroup;
			children = (
				1B9F6A7AF131C3E16D42FA89 /* WeeklyReviewFlowView.swift */,
			);
			path = WeeklyReview;
			sourceTree = "<group>";
		};
		562CE9ECFF9527007EDE0AE2 /* Observations */ = {
			isa = PBXGroup;
			children = (
				BEC1559DAD51F76FAE93D2F1 /* ObservationViews.swift */,
			);
			path = Observations;
			sourceTree = "<group>";
		};
		77911911A6DF048E6B06A001 /* Views */ = {
			isa = PBXGroup;
			children = (
				25C9F08687C29F72D1FECC5A /* RootView.swift */,
				AAB47C39E41CBF16FDDCD5B0 /* Agreements */,
				005F63ED56FA5E830FC25752 /* Home */,
				562CE9ECFF9527007EDE0AE2 /* Observations */,
				E9C863B5809842C4F1C21051 /* Onboarding */,
				4046BC087AC2C7A46492B226 /* WeeklyReview */,
			);
			path = Views;
			sourceTree = "<group>";
		};
		97D9DACD1FE4CE25D00E96B1 /* Services */ = {
			isa = PBXGroup;
			children = (
				FAA9DFB87CB6BE1EECACDA89 /* AppSession.swift */,
				28900D9C05C7EB55A255A8EF /* AppWeek.swift */,
				E42C30675E9C375AC38A90F4 /* NotificationService.swift */,
			);
			path = Services;
			sourceTree = "<group>";
		};
		AAB47C39E41CBF16FDDCD5B0 /* Agreements */ = {
			isa = PBXGroup;
			children = (
				F40963B217F589DE82BE7EDB /* AgreementViews.swift */,
			);
			path = Agreements;
			sourceTree = "<group>";
		};
		B6AC3A08AEFF0AAF40CD492C /* Models */ = {
			isa = PBXGroup;
			children = (
				265B1054DECD374795DE9830 /* Domain.swift */,
				ADBD3FE1F82AAB6C55BC3DCF /* Entities.swift */,
			);
			path = Models;
			sourceTree = "<group>";
		};
		E9C863B5809842C4F1C21051 /* Onboarding */ = {
			isa = PBXGroup;
			children = (
				26EF36985E21BAA78DEFDE38 /* WelcomeView.swift */,
			);
			path = Onboarding;
			sourceTree = "<group>";
		};
		F1E69D4E6CEEE90BB7E4FDE1 /* Products */ = {
			isa = PBXGroup;
			children = (
				6E94B305B4B68AF273603F4E /* わが家の約束.app */,
			);
			name = Products;
			sourceTree = "<group>";
		};
/* End PBXGroup section */

/* Begin PBXNativeTarget section */
		32C0E1A6D550D72FEDA04FA3 /* WagayanoYakusoku */ = {
			isa = PBXNativeTarget;
			buildConfigurationList = D047EAC3885CDB83E6D1265C /* Build configuration list for PBXNativeTarget "WagayanoYakusoku" */;
			buildPhases = (
				71A09D4B9F99E2792D0A64D0 /* Sources */,
				72DE4D14F2E1CDDE9386466B /* Resources */,
			);
			buildRules = (
			);
			dependencies = (
			);
			name = WagayanoYakusoku;
			packageProductDependencies = (
			);
			productName = WagayanoYakusoku;
			productReference = 6E94B305B4B68AF273603F4E /* わが家の約束.app */;
			productType = "com.apple.product-type.application";
		};
/* End PBXNativeTarget section */

/* Begin PBXProject section */
		7A4CF1BDDF3B13FFFD96651F /* Project object */ = {
			isa = PBXProject;
			attributes = {
				BuildIndependentTargetsInParallel = YES;
				LastUpgradeCheck = 1430;
				TargetAttributes = {
					32C0E1A6D550D72FEDA04FA3 = {
						ProvisioningStyle = Automatic;
					};
				};
			};
			buildConfigurationList = DDA2623E3CD4BC076364A11C /* Build configuration list for PBXProject "WagayanoYakusoku" */;
			developmentRegion = ja;
			hasScannedForEncodings = 0;
			knownRegions = (
				Base,
				ja,
			);
			mainGroup = 23B37850B06CBF3AC6F3F4F1;
			minimizedProjectReferenceProxies = 1;
			preferredProjectObjectVersion = 77;
			productRefGroup = F1E69D4E6CEEE90BB7E4FDE1 /* Products */;
			projectDirPath = "";
			projectRoot = "";
			targets = (
				32C0E1A6D550D72FEDA04FA3 /* WagayanoYakusoku */,
			);
		};
/* End PBXProject section */

/* Begin PBXResourcesBuildPhase section */
		72DE4D14F2E1CDDE9386466B /* Resources */ = {
			isa = PBXResourcesBuildPhase;
			buildActionMask = 2147483647;
			files = (
				3143711D18761AED07EFE36C /* Assets.xcassets in Resources */,
			);
			runOnlyForDeploymentPostprocessing = 0;
		};
/* End PBXResourcesBuildPhase section */

/* Begin PBXSourcesBuildPhase section */
		71A09D4B9F99E2792D0A64D0 /* Sources */ = {
			isa = PBXSourcesBuildPhase;
			buildActionMask = 2147483647;
			files = (
				FAEAF6C55C6FACC8428BE681 /* AgreementViews.swift in Sources */,
				E6C9F7199C2119FCD44787E5 /* AppSession.swift in Sources */,
				8B79E81C8C1F896CB504EF47 /* AppTheme.swift in Sources */,
				9C0D0952F3824D913A6C8346 /* AppWeek.swift in Sources */,
				140986247372687B7AD03773 /* Domain.swift in Sources */,
				3F650677230CA7BE1D6B71C0 /* Entities.swift in Sources */,
				B61C1F5EE79884D47B2E5BBB /* HomeView.swift in Sources */,
				D57A3DEAF88F4156EDC9C3DE /* NotificationService.swift in Sources */,
				F7429A3D01EDE9EB2D1C880F /* ObservationViews.swift in Sources */,
				B6FD831CC45E0B09390000BC /* RootView.swift in Sources */,
				906DD58360694A7D5AE58572 /* WagayanoYakusokuApp.swift in Sources */,
				AC9363AC32FC2CECD8118A07 /* WeeklyReviewFlowView.swift in Sources */,
				2F6E86C987E90954EC3F731F /* WelcomeView.swift in Sources */,
			);
			runOnlyForDeploymentPostprocessing = 0;
		};
/* End PBXSourcesBuildPhase section */

/* Begin XCBuildConfiguration section */
		03C3CBB79703F6DA97A9134D /* Release */ = {
			isa = XCBuildConfiguration;
			buildSettings = {
				ALWAYS_SEARCH_USER_PATHS = NO;
				CLANG_ANALYZER_NONNULL = YES;
				CLANG_ANALYZER_NUMBER_OBJECT_CONVERSION = YES_AGGRESSIVE;
				CLANG_CXX_LANGUAGE_STANDARD = "gnu++14";
				CLANG_CXX_LIBRARY = "libc++";
				CLANG_ENABLE_MODULES = YES;
				CLANG_ENABLE_OBJC_ARC = YES;
				CLANG_ENABLE_OBJC_WEAK = YES;
				CLANG_WARN_BLOCK_CAPTURE_AUTORELEASING = YES;
				CLANG_WARN_BOOL_CONVERSION = YES;
				CLANG_WARN_COMMA = YES;
				CLANG_WARN_CONSTANT_CONVERSION = YES;
				CLANG_WARN_DEPRECATED_OBJC_IMPLEMENTATIONS = YES;
				CLANG_WARN_DIRECT_OBJC_ISA_USAGE = YES_ERROR;
				CLANG_WARN_DOCUMENTATION_COMMENTS = YES;
				CLANG_WARN_EMPTY_BODY = YES;
				CLANG_WARN_ENUM_CONVERSION = YES;
				CLANG_WARN_INFINITE_RECURSION = YES;
				CLANG_WARN_INT_CONVERSION = YES;
				CLANG_WARN_NON_LITERAL_NULL_CONVERSION = YES;
				CLANG_WARN_OBJC_IMPLICIT_RETAIN_SELF = YES;
				CLANG_WARN_OBJC_LITERAL_CONVERSION = YES;
				CLANG_WARN_OBJC_ROOT_CLASS = YES_ERROR;
				CLANG_WARN_QUOTED_INCLUDE_IN_FRAMEWORK_HEADER = YES;
				CLANG_WARN_RANGE_LOOP_ANALYSIS = YES;
				CLANG_WARN_STRICT_PROTOTYPES = YES;
				CLANG_WARN_SUSPICIOUS_MOVE = YES;
				CLANG_WARN_UNGUARDED_AVAILABILITY = YES_AGGRESSIVE;
				CLANG_WARN_UNREACHABLE_CODE = YES;
				CLANG_WARN__DUPLICATE_METHOD_MATCH = YES;
				COPY_PHASE_STRIP = NO;
				DEBUG_INFORMATION_FORMAT = "dwarf-with-dsym";
				ENABLE_NS_ASSERTIONS = NO;
				ENABLE_STRICT_OBJC_MSGSEND = YES;
				GCC_C_LANGUAGE_STANDARD = gnu11;
				GCC_NO_COMMON_BLOCKS = YES;
				GCC_WARN_64_TO_32_BIT_CONVERSION = YES;
				GCC_WARN_ABOUT_RETURN_TYPE = YES_ERROR;
				GCC_WARN_UNDECLARED_SELECTOR = YES;
				GCC_WARN_UNINITIALIZED_AUTOS = YES_AGGRESSIVE;
				GCC_WARN_UNUSED_FUNCTION = YES;
				GCC_WARN_UNUSED_VARIABLE = YES;
				IPHONEOS_DEPLOYMENT_TARGET = 17.0;
				MTL_ENABLE_DEBUG_INFO = NO;
				MTL_FAST_MATH = YES;
				PRODUCT_NAME = "$(TARGET_NAME)";
				SDKROOT = iphoneos;
				SWIFT_COMPILATION_MODE = wholemodule;
				SWIFT_OPTIMIZATION_LEVEL = "-O";
				SWIFT_VERSION = 5.0;
			};
			name = Release;
		};
		ACE566EE86E324BA866EDB59 /* Debug */ = {
			isa = XCBuildConfiguration;
			buildSettings = {
				ASSETCATALOG_COMPILER_APPICON_NAME = AppIcon;
				ASSETCATALOG_COMPILER_GLOBAL_ACCENT_COLOR_NAME = AccentColor;
				CODE_SIGN_IDENTITY = "iPhone Developer";
				CODE_SIGN_STYLE = Automatic;
				DEVELOPMENT_TEAM = UMS95NYGUN;
				ENABLE_PREVIEWS = YES;
				INFOPLIST_FILE = WagayanoYakusoku/Info.plist;
				INFOPLIST_KEY_CFBundleDisplayName = "わが家の約束";
				INFOPLIST_KEY_LSApplicationCategoryType = "public.app-category.lifestyle";
				LD_RUNPATH_SEARCH_PATHS = (
					"$(inherited)",
					"@executable_path/Frameworks",
				);
				PRODUCT_BUNDLE_IDENTIFIER = com.wagayano.yakusoku;
				PRODUCT_NAME = "わが家の約束";
				SDKROOT = iphoneos;
				SWIFT_EMIT_LOC_STRINGS = YES;
				TARGETED_DEVICE_FAMILY = "1,2";
			};
			name = Debug;
		};
		AE5FE6D9C54B273FE88C34F3 /* Release */ = {
			isa = XCBuildConfiguration;
			buildSettings = {
				ASSETCATALOG_COMPILER_APPICON_NAME = AppIcon;
				ASSETCATALOG_COMPILER_GLOBAL_ACCENT_COLOR_NAME = AccentColor;
				CODE_SIGN_IDENTITY = "iPhone Developer";
				CODE_SIGN_STYLE = Automatic;
				DEVELOPMENT_TEAM = UMS95NYGUN;
				ENABLE_PREVIEWS = YES;
				INFOPLIST_FILE = WagayanoYakusoku/Info.plist;
				INFOPLIST_KEY_CFBundleDisplayName = "わが家の約束";
				INFOPLIST_KEY_LSApplicationCategoryType = "public.app-category.lifestyle";
				LD_RUNPATH_SEARCH_PATHS = (
					"$(inherited)",
					"@executable_path/Frameworks",
				);
				PRODUCT_BUNDLE_IDENTIFIER = com.wagayano.yakusoku;
				PRODUCT_NAME = "わが家の約束";
				SDKROOT = iphoneos;
				SWIFT_EMIT_LOC_STRINGS = YES;
				TARGETED_DEVICE_FAMILY = "1,2";
			};
			name = Release;
		};
		B6323BE79E10B5E9AE342591 /* Debug */ = {
			isa = XCBuildConfiguration;
			buildSettings = {
				ALWAYS_SEARCH_USER_PATHS = NO;
				CLANG_ANALYZER_NONNULL = YES;
				CLANG_ANALYZER_NUMBER_OBJECT_CONVERSION = YES_AGGRESSIVE;
				CLANG_CXX_LANGUAGE_STANDARD = "gnu++14";
				CLANG_CXX_LIBRARY = "libc++";
				CLANG_ENABLE_MODULES = YES;
				CLANG_ENABLE_OBJC_ARC = YES;
				CLANG_ENABLE_OBJC_WEAK = YES;
				CLANG_WARN_BLOCK_CAPTURE_AUTORELEASING = YES;
				CLANG_WARN_BOOL_CONVERSION = YES;
				CLANG_WARN_COMMA = YES;
				CLANG_WARN_CONSTANT_CONVERSION = YES;
				CLANG_WARN_DEPRECATED_OBJC_IMPLEMENTATIONS = YES;
				CLANG_WARN_DIRECT_OBJC_ISA_USAGE = YES_ERROR;
				CLANG_WARN_DOCUMENTATION_COMMENTS = YES;
				CLANG_WARN_EMPTY_BODY = YES;
				CLANG_WARN_ENUM_CONVERSION = YES;
				CLANG_WARN_INFINITE_RECURSION = YES;
				CLANG_WARN_INT_CONVERSION = YES;
				CLANG_WARN_NON_LITERAL_NULL_CONVERSION = YES;
				CLANG_WARN_OBJC_IMPLICIT_RETAIN_SELF = YES;
				CLANG_WARN_OBJC_LITERAL_CONVERSION = YES;
				CLANG_WARN_OBJC_ROOT_CLASS = YES_ERROR;
				CLANG_WARN_QUOTED_INCLUDE_IN_FRAMEWORK_HEADER = YES;
				CLANG_WARN_RANGE_LOOP_ANALYSIS = YES;
				CLANG_WARN_STRICT_PROTOTYPES = YES;
				CLANG_WARN_SUSPICIOUS_MOVE = YES;
				CLANG_WARN_UNGUARDED_AVAILABILITY = YES_AGGRESSIVE;
				CLANG_WARN_UNREACHABLE_CODE = YES;
				CLANG_WARN__DUPLICATE_METHOD_MATCH = YES;
				COPY_PHASE_STRIP = NO;
				DEBUG_INFORMATION_FORMAT = dwarf;
				ENABLE_STRICT_OBJC_MSGSEND = YES;
				ENABLE_TESTABILITY = YES;
				GCC_C_LANGUAGE_STANDARD = gnu11;
				GCC_DYNAMIC_NO_PIC = NO;
				GCC_NO_COMMON_BLOCKS = YES;
				GCC_OPTIMIZATION_LEVEL = 0;
				GCC_PREPROCESSOR_DEFINITIONS = (
					"$(inherited)",
					"DEBUG=1",
				);
				GCC_WARN_64_TO_32_BIT_CONVERSION = YES;
				GCC_WARN_ABOUT_RETURN_TYPE = YES_ERROR;
				GCC_WARN_UNDECLARED_SELECTOR = YES;
				GCC_WARN_UNINITIALIZED_AUTOS = YES_AGGRESSIVE;
				GCC_WARN_UNUSED_FUNCTION = YES;
				GCC_WARN_UNUSED_VARIABLE = YES;
				IPHONEOS_DEPLOYMENT_TARGET = 17.0;
				MTL_ENABLE_DEBUG_INFO = INCLUDE_SOURCE;
				MTL_FAST_MATH = YES;
				ONLY_ACTIVE_ARCH = YES;
				PRODUCT_NAME = "$(TARGET_NAME)";
				SDKROOT = iphoneos;
				SWIFT_ACTIVE_COMPILATION_CONDITIONS = DEBUG;
				SWIFT_OPTIMIZATION_LEVEL = "-Onone";
				SWIFT_VERSION = 5.0;
			};
			name = Debug;
		};
/* End XCBuildConfiguration section */

/* Begin XCConfigurationList section */
		D047EAC3885CDB83E6D1265C /* Build configuration list for PBXNativeTarget "WagayanoYakusoku" */ = {
			isa = XCConfigurationList;
			buildConfigurations = (
				ACE566EE86E324BA866EDB59 /* Debug */,
				AE5FE6D9C54B273FE88C34F3 /* Release */,
			);
			defaultConfigurationIsVisible = 0;
			defaultConfigurationName = Debug;
		};
		DDA2623E3CD4BC076364A11C /* Build configuration list for PBXProject "WagayanoYakusoku" */ = {
			isa = XCConfigurationList;
			buildConfigurations = (
				B6323BE79E10B5E9AE342591 /* Debug */,
				03C3CBB79703F6DA97A9134D /* Release */,
			);
			defaultConfigurationIsVisible = 0;
			defaultConfigurationName = Debug;
		};
/* End XCConfigurationList section */
	};
	rootObject = 7A4CF1BDDF3B13FFFD96651F /* Project object */;
}
